
Microsoft Visual Studio Solution File, Format Version 12.00
# Visual Studio Version 16
VisualStudioVersion = 16.0.29613.14
MinimumVisualStudioVersion = 10.0.40219.1
Project("{8BC9CEB8-8B4A-11D0-8D11-00A0C91BC942}") = "RgbWay", "dynamicprogramming\dynamicprogramming.vcxproj", "{E1B14F39-5D0F-4C13-BCF7-E47B044A754D}"
EndProject
Project("{8BC9CEB8-8B4A-11D0-8D11-00A0C91BC942}") = "ContinuitySum", "ContinuitySum\ContinuitySum.vcxproj", "{69DF6AFB-F120-4FDC-9C39-90223D517C57}"
EndProject
Project("{8BC9CEB8-8B4A-11D0-8D11-00A0C91BC942}") = "WineDrink", "WineDrink\WineDrink.vcxproj", "{D9DFF0CA-242D-4D58-9CB8-F8DB417BB060}"
EndProject
Project("{8BC9CEB8-8B4A-11D0-8D11-00A0C91BC942}") = "Making1", "Making1\Making1.vcxproj", "{CD352529-8F83-4D5B-B43C-4B346B92FB9D}"
EndProject
Project("{8BC9CEB8-8B4A-11D0-8D11-00A0C91BC942}") = "StairClimber", "StairClimber\StairClimber.vcxproj", "{9E12721F-AFD6-4D76-9882-061605B01C4F}"
EndProject
Project("{8BC9CEB8-8B4A-11D0-8D11-00A0C91BC942}") = "IntTryangle", "IntTryangle\IntTryangle.vcxproj", "{94DE9C1C-A50F-49E3-858A-546A4CB153C8}"
EndProject
Global
	GlobalSection(SolutionConfigurationPlatforms) = preSolution
		Debug|x64 = Debug|x64
		Debug|x86 = Debug|x86
		Release|x64 = Release|x64
		Release|x86 = Release|x86
	EndGlobalSection
	GlobalSection(ProjectConfigurationPlatforms) = postSolution
		{E1B14F39-5D0F-4C13-BCF7-E47B044A754D}.Debug|x64.ActiveCfg = Debug|x64
		{E1B14F39-5D0F-4C13-BCF7-E47B044A754D}.Debug|x64.Build.0 = Debug|x64
		{E1B14F39-5D0F-4C13-BCF7-E47B044A754D}.Debug|x86.ActiveCfg = Debug|Win32
		{E1B14F39-5D0F-4C13-BCF7-E47B044A754D}.Debug|x86.Build.0 = Debug|Win32
		{E1B14F39-5D0F-4C13-BCF7-E47B044A754D}.Release|x64.ActiveCfg = Release|x64
		{E1B14F39-5D0F-4C13-BCF7-E47B044A754D}.Release|x64.Build.0 = Release|x64
		{E1B14F39-5D0F-4C13-BCF7-E47B044A754D}.Release|x86.ActiveCfg = Release|Win32
		{E1B14F39-5D0F-4C13-BCF7-E47B044A754D}.Release|x86.Build.0 = Release|Win32
		{69DF6AFB-F120-4FDC-9C39-90223D517C57}.Debug|x64.ActiveCfg = Debug|x64
		{69DF6AFB-F120-4FDC-9C39-90223D517C57}.Debug|x64.Build.0 = Debug|x64
		{69DF6AFB-F120-4FDC-9C39-90223D517C57}.Debug|x86.ActiveCfg = Debug|Win32
		{69DF6AFB-F120-4FDC-9C39-90223D517C57}.Debug|x86.Build.0 = Debug|Win32
		{69DF6AFB-F120-4FDC-9C39-90223D517C57}.Release|x64.ActiveCfg = Release|x64
		{69DF6AFB-F120-4FDC-9C39-90223D517C57}.Release|x64.Build.0 = Release|x64
		{69DF6AFB-F120-4FDC-9C39-90223D517C57}.Release|x86.ActiveCfg = Release|Win32
		{69DF6AFB-F120-4FDC-9C39-90223D517C57}.Release|x86.Build.0 = Release|Win32
		{D9DFF0CA-242D-4D58-9CB8-F8DB417BB060}.Debug|x64.ActiveCfg = Debug|x64
		{D9DFF0CA-242D-4D58-9CB8-F8DB417BB060}.Debug|x64.Build.0 = Debug|x64
		{D9DFF0CA-242D-4D58-9CB8-F8DB417BB060}.Debug|x86.ActiveCfg = Debug|Win32
		{D9DFF0CA-242D-4D58-9CB8-F8DB417BB060}.Debug|x86.Build.0 = Debug|Win32
		{D9DFF0CA-242D-4D58-9CB8-F8DB417BB060}.Release|x64.ActiveCfg = Release|x64
		{D9DFF0CA-242D-4D58-9CB8-F8DB417BB060}.Release|x64.Build.0 = Release|x64
		{D9DFF0CA-242D-4D58-9CB8-F8DB417BB060}.Release|x86.ActiveCfg = Release|Win32
		{D9DFF0CA-242D-4D58-9CB8-F8DB417BB060}.Release|x86.Build.0 = Release|Win32
		{CD352529-8F83-4D5B-B43C-4B346B92FB9D}.Debug|x64.ActiveCfg = Debug|x64
		{CD352529-8F83-4D5B-B43C-4B346B92FB9D}.Debug|x64.Build.0 = Debug|x64
		{CD352529-8F83-4D5B-B43C-4B346B92FB9D}.Debug|x86.ActiveCfg = Debug|Win32
		{CD352529-8F83-4D5B-B43C-4B346B92FB9D}.Debug|x86.Build.0 = Debug|Win32
		{CD352529-8F83-4D5B-B43C-4B346B92FB9D}.Release|x64.ActiveCfg = Release|x64
		{CD352529-8F83-4D5B-B43C-4B346B92FB9D}.Release|x64.Build.0 = Release|x64
		{CD352529-8F83-4D5B-B43C-4B346B92FB9D}.Release|x86.ActiveCfg = Release|Win32
		{CD352529-8F83-4D5B-B43C-4B346B92FB9D}.Release|x86.Build.0 = Release|Win32
		{9E12721F-AFD6-4D76-9882-061605B01C4F}.Debug|x64.ActiveCfg = Debug|x64
		{9E12721F-AFD6-4D76-9882-061605B01C4F}.Debug|x64.Build.0 = Debug|x64
		{9E12721F-AFD6-4D76-9882-061605B01C4F}.Debug|x86.ActiveCfg = Debug|Win32
		{9E12721F-AFD6-4D76-9882-061605B01C4F}.Debug|x86.Build.0 = Debug|Win32
		{9E12721F-AFD6-4D76-9882-061605B01C4F}.Release|x64.ActiveCfg = Release|x64
		{9E12721F-AFD6-4D76-9882-061605B01C4F}.Release|x64.Build.0 = Release|x64
		{9E12721F-AFD6-4D76-9882-061605B01C4F}.Release|x86.ActiveCfg = Release|Win32
		{9E12721F-AFD6-4D76-9882-061605B01C4F}.Release|x86.Build.0 = Release|Win32
		{94DE9C1C-A50F-49E3-858A-546A4CB153C8}.Debug|x64.ActiveCfg = Debug|x64
		{94DE9C1C-A50F-49E3-858A-546A4CB153C8}.Debug|x64.Build.0 = Debug|x64
		{94DE9C1C-A50F-49E3-858A-546A4CB153C8}.Debug|x86.ActiveCfg = Debug|Win32
		{94DE9C1C-A50F-49E3-858A-546A4CB153C8}.Debug|x86.Build.0 = Debug|Win32
		{94DE9C1C-A50F-49E3-858A-546A4CB153C8}.Release|x64.ActiveCfg = Release|x64
		{94DE9C1C-A50F-49E3-858A-546A4CB153C8}.Release|x64.Build.0 = Release|x64
		{94DE9C1C-A50F-49E3-858A-546A4CB153C8}.Release|x86.ActiveCfg = Release|Win32
		{94DE9C1C-A50F-49E3-858A-546A4CB153C8}.Release|x86.Build.0 = Release|Win32
	EndGlobalSection
	GlobalSection(SolutionProperties) = preSolution
		HideSolutionNode = FALSE
	EndGlobalSection
	GlobalSection(ExtensibilityGlobals) = postSolution
		SolutionGuid = {C466E0CE-87E6-42EE-86ED-8B43D47AF8F3}
	EndGlobalSection
EndGlobal
